# This file was autogenerated by uv via the following command:
#    uv pip compile pyproject.toml -o requirements.lock
aioboto3==15.5.0
    # via ai-receptionist (pyproject.toml)
aiobotocore==2.25.1
    # via aioboto3
aiofiles==25.1.0
    # via
    #   ai-receptionist (pyproject.toml)
    #   aioboto3
    #   livekit
    #   livekit-agents
aiohappyeyeballs==2.7.1
    # via aiohttp
aiohttp==3.14.3
    # via
    #   aiobotocore
    #   livekit-agents
    #   livekit-api
aioitertools==0.13.0
    # via aiobotocore
aiosignal==1.4.0
    # via aiohttp
aiosmtplib==5.1.2
    # via ai-receptionist (pyproject.toml)
annotated-doc==0.0.5
    # via typer
annotated-types==0.8.0
    # via pydantic
anyio==4.14.2
    # via
    #   httpx
    #   openai
    #   watchfiles
attrs==26.1.0
    # via aiohttp
av==18.1.0
    # via livekit-agents
boto3==1.40.61
    # via aiobotocore
botocore==1.40.61
    # via
    #   aiobotocore
    #   boto3
    #   s3transfer
certifi==2026.7.22
    # via
    #   httpcore
    #   httpx
    #   livekit-agents
    #   requests
cffi==2.1.1
    # via
    #   cryptography
    #   sounddevice
charset-normalizer==3.5.0
    # via requests
click==8.4.2
    # via livekit-agents
colorama==0.4.6
    # via livekit-agents
cryptography==50.0.0
    # via google-auth
distro==1.9.0
    # via openai
docstring-parser==0.18.0
    # via livekit-agents
eval-type-backport==0.4.0
    # via livekit-agents
frozenlist==1.8.0
    # via
    #   aiohttp
    #   aiosignal
google-api-core==2.34.0
    # via google-api-python-client
google-api-python-client==2.198.0
    # via ai-receptionist (pyproject.toml)
google-auth==2.56.3
    # via
    #   ai-receptionist (pyproject.toml)
    #   google-api-core
    #   google-api-python-client
    #   google-auth-httplib2
    #   google-auth-oauthlib
google-auth-httplib2==0.4.1
    # via google-api-python-client
google-auth-oauthlib==1.4.0
    # via ai-receptionist (pyproject.toml)
googleapis-common-protos==1.75.1
    # via
    #   google-api-core
    #   opentelemetry-exporter-otlp-proto-grpc
    #   opentelemetry-exporter-otlp-proto-http
grpcio==1.83.0
    # via opentelemetry-exporter-otlp-proto-grpc
h11==0.16.0
    # via httpcore
httpcore==1.0.9
    # via httpx
httplib2==0.32.0
    # via
    #   google-api-python-client
    #   google-auth-httplib2
httpx==0.28.1
    # via
    #   ai-receptionist (pyproject.toml)
    #   openai
idna==3.18
    # via
    #   anyio
    #   httpx
    #   requests
    #   yarl
jiter==0.16.0
    # via openai
jmespath==1.1.0
    # via
    #   aiobotocore
    #   boto3
    #   botocore
json-repair==0.60.1
    # via livekit-agents
livekit==1.1.14
    # via
    #   livekit-agents
    #   livekit-plugins-noise-cancellation
livekit-agents==1.6.10
    # via
    #   ai-receptionist (pyproject.toml)
    #   livekit-plugins-openai
livekit-api==1.2.0
    # via livekit-agents
livekit-blingfire==1.1.0
    # via livekit-agents
livekit-local-inference==0.2.6
    # via livekit-agents
livekit-plugins-noise-cancellation==0.3.0
    # via ai-receptionist (pyproject.toml)
livekit-plugins-openai==1.6.10
    # via ai-receptionist (pyproject.toml)
livekit-protocol==1.1.22
    # via
    #   livekit-agents
    #   livekit-api
markdown-it-py==4.2.0
    # via rich
mdurl==0.1.2
    # via markdown-it-py
multidict==6.7.1
    # via
    #   aiobotocore
    #   aiohttp
    #   yarl
nest-asyncio==1.6.0
    # via livekit-agents
numpy==2.5.2
    # via
    #   livekit
    #   livekit-agents
oauthlib==3.3.1
    # via requests-oauthlib
openai==2.54.0
    # via
    #   livekit-agents
    #   livekit-plugins-openai
opentelemetry-api==1.44.0
    # via
    #   livekit-agents
    #   opentelemetry-exporter-otlp-proto-grpc
    #   opentelemetry-exporter-otlp-proto-http
    #   opentelemetry-sdk
    #   opentelemetry-semantic-conventions
opentelemetry-exporter-otlp==1.44.0
    # via livekit-agents
opentelemetry-exporter-otlp-proto-common==1.44.0
    # via
    #   opentelemetry-exporter-otlp-proto-grpc
    #   opentelemetry-exporter-otlp-proto-http
opentelemetry-exporter-otlp-proto-grpc==1.44.0
    # via opentelemetry-exporter-otlp
opentelemetry-exporter-otlp-proto-http==1.44.0
    # via opentelemetry-exporter-otlp
opentelemetry-proto==1.44.0
    # via
    #   opentelemetry-exporter-otlp-proto-common
    #   opentelemetry-exporter-otlp-proto-grpc
    #   opentelemetry-exporter-otlp-proto-http
opentelemetry-sdk==1.44.0
    # via
    #   livekit-agents
    #   opentelemetry-exporter-otlp-proto-grpc
    #   opentelemetry-exporter-otlp-proto-http
opentelemetry-semantic-conventions==0.65b0
    # via opentelemetry-sdk
pillow==12.3.0
    # via livekit-agents
prometheus-client==0.26.0
    # via livekit-agents
propcache==0.5.2
    # via
    #   aiohttp
    #   yarl
proto-plus==1.28.3
    # via google-api-core
protobuf==7.35.1
    # via
    #   google-api-core
    #   googleapis-common-protos
    #   livekit
    #   livekit-agents
    #   livekit-api
    #   livekit-protocol
    #   opentelemetry-proto
    #   proto-plus
psutil==7.2.2
    # via livekit-agents
pyasn1==0.6.4
    # via pyasn1-modules
pyasn1-modules==0.4.2
    # via google-auth
pycparser==3.0
    # via cffi
pydantic==2.13.4
    # via
    #   ai-receptionist (pyproject.toml)
    #   livekit-agents
    #   openai
pydantic-core==2.46.4
    # via pydantic
pygments==2.20.0
    # via rich
pyjwt==2.13.0
    # via
    #   livekit-agents
    #   livekit-api
pyparsing==3.3.2
    # via httplib2
python-dateutil==2.9.0.post0
    # via
    #   ai-receptionist (pyproject.toml)
    #   aiobotocore
    #   botocore
python-dotenv==1.2.2
    # via ai-receptionist (pyproject.toml)
pyyaml==6.0.3
    # via
    #   ai-receptionist (pyproject.toml)
    #   livekit-agents
requests==2.34.2
    # via
    #   google-api-core
    #   opentelemetry-exporter-otlp-proto-http
    #   requests-oauthlib
    #   resend
requests-oauthlib==2.0.0
    # via google-auth-oauthlib
resend==2.36.0
    # via ai-receptionist (pyproject.toml)
rich==15.0.0
    # via typer
s3transfer==0.14.0
    # via boto3
shellingham==1.5.4
    # via typer
six==1.17.0
    # via python-dateutil
sniffio==1.3.1
    # via openai
sounddevice==0.5.5
    # via livekit-agents
tqdm==4.70.0
    # via openai
typer==0.27.1
    # via livekit-agents
types-protobuf==7.34.1.20260518
    # via
    #   livekit
    #   livekit-agents
    #   livekit-api
    #   livekit-protocol
typing-extensions==4.16.0
    # via
    #   aiohttp
    #   aiosignal
    #   anyio
    #   grpcio
    #   livekit-agents
    #   openai
    #   opentelemetry-api
    #   opentelemetry-exporter-otlp-proto-grpc
    #   opentelemetry-exporter-otlp-proto-http
    #   opentelemetry-sdk
    #   opentelemetry-semantic-conventions
    #   pydantic
    #   pydantic-core
    #   resend
    #   typing-inspection
typing-inspection==0.4.4
    # via pydantic
uritemplate==4.2.0
    # via google-api-python-client
urllib3==2.7.0
    # via
    #   botocore
    #   requests
watchfiles==1.2.0
    # via livekit-agents
websockets==15.0.1
    # via openai
wrapt==1.17.3
    # via aiobotocore
yarl==1.24.5
    # via aiohttp
